
Microsoft Visual Studio Solution File, Format Version 12.00
# Visual Studio Version 16
VisualStudioVersion = 16.0.32002.261
MinimumVisualStudioVersion = 10.0.40219.1
Project("{FAE04EC0-301F-11D3-BF4B-00C04F79EFBC}") = "Model", "Model\Model.csproj", "{8F6F7634-1C37-4FFD-B71D-3E6F9876DEA8}"
EndProject
Project("{9A19103F-16F7-4668-BE54-9A1E7A4F7556}") = "ConsoleLoader", "ConsoleLoader\ConsoleLoader.csproj", "{2812536A-1735-4199-AFB6-0547960B15A3}"
EndProject
Project("{FAE04EC0-301F-11D3-BF4B-00C04F79EFBC}") = "View", "View\View.csproj", "{CADA5999-9D67-4D48-9DD2-E6873AEE3D1D}"
EndProject
Global
	GlobalSection(SolutionConfigurationPlatforms) = preSolution
		Debug|Any CPU = Debug|Any CPU
		Release|Any CPU = Release|Any CPU
	EndGlobalSection
	GlobalSection(ProjectConfigurationPlatforms) = postSolution
		{8F6F7634-1C37-4FFD-B71D-3E6F9876DEA8}.Debug|Any CPU.ActiveCfg = Debug|Any CPU
		{8F6F7634-1C37-4FFD-B71D-3E6F9876DEA8}.Debug|Any CPU.Build.0 = Debug|Any CPU
		{8F6F7634-1C37-4FFD-B71D-3E6F9876DEA8}.Release|Any CPU.ActiveCfg = Release|Any CPU
		{8F6F7634-1C37-4FFD-B71D-3E6F9876DEA8}.Release|Any CPU.Build.0 = Release|Any CPU
		{2812536A-1735-4199-AFB6-0547960B15A3}.Debug|Any CPU.ActiveCfg = Debug|Any CPU
		{2812536A-1735-4199-AFB6-0547960B15A3}.Debug|Any CPU.Build.0 = Debug|Any CPU
		{2812536A-1735-4199-AFB6-0547960B15A3}.Release|Any CPU.ActiveCfg = Release|Any CPU
		{2812536A-1735-4199-AFB6-0547960B15A3}.Release|Any CPU.Build.0 = Release|Any CPU
		{CADA5999-9D67-4D48-9DD2-E6873AEE3D1D}.Debug|Any CPU.ActiveCfg = Debug|Any CPU
		{CADA5999-9D67-4D48-9DD2-E6873AEE3D1D}.Debug|Any CPU.Build.0 = Debug|Any CPU
		{CADA5999-9D67-4D48-9DD2-E6873AEE3D1D}.Release|Any CPU.ActiveCfg = Release|Any CPU
		{CADA5999-9D67-4D48-9DD2-E6873AEE3D1D}.Release|Any CPU.Build.0 = Release|Any CPU
	EndGlobalSection
	GlobalSection(SolutionProperties) = preSolution
		HideSolutionNode = FALSE
	EndGlobalSection
	GlobalSection(ExtensibilityGlobals) = postSolution
		SolutionGuid = {1FAAB1AB-0A4E-43E2-A583-65CAE5EB09DF}
	EndGlobalSection
EndGlobal
